
Microsoft Visual Studio Solution File, Format Version 12.00
# Visual Studio Version 16
VisualStudioVersion = 16.0.31605.320
MinimumVisualStudioVersion = 10.0.40219.1
Project("{9A19103F-16F7-4668-BE54-9A1E7A4F7556}") = "TodoApp.WebApplication", "TodoApp.WebApplication\TodoApp.WebApplication.csproj", "{272C1566-A22E-4285-9725-9C7AFCBDBF72}"
EndProject
Project("{FAE04EC0-301F-11D3-BF4B-00C04F79EFBC}") = "TodoApp.Integration.Tests", "tests\TodoApp.Integration.Tests\TodoApp.Integration.Tests.csproj", "{01CF0098-36A6-43E5-A7BB-9D61E576D6FD}"
EndProject
Project("{FAE04EC0-301F-11D3-BF4B-00C04F79EFBC}") = "TodoApp.Unit.Tests", "tests\TodoApp.Unit.Tests\TodoApp.Unit.Tests.csproj", "{565D5FED-71A6-43B3-82DE-36997F3BEC2D}"
EndProject
Global
	GlobalSection(SolutionConfigurationPlatforms) = preSolution
		Debug|Any CPU = Debug|Any CPU
		Release|Any CPU = Release|Any CPU
	EndGlobalSection
	GlobalSection(ProjectConfigurationPlatforms) = postSolution
		{272C1566-A22E-4285-9725-9C7AFCBDBF72}.Debug|Any CPU.ActiveCfg = Debug|Any CPU
		{272C1566-A22E-4285-9725-9C7AFCBDBF72}.Debug|Any CPU.Build.0 = Debug|Any CPU
		{272C1566-A22E-4285-9725-9C7AFCBDBF72}.Release|Any CPU.ActiveCfg = Release|Any CPU
		{272C1566-A22E-4285-9725-9C7AFCBDBF72}.Release|Any CPU.Build.0 = Release|Any CPU
		{01CF0098-36A6-43E5-A7BB-9D61E576D6FD}.Debug|Any CPU.ActiveCfg = Debug|Any CPU
		{01CF0098-36A6-43E5-A7BB-9D61E576D6FD}.Debug|Any CPU.Build.0 = Debug|Any CPU
		{01CF0098-36A6-43E5-A7BB-9D61E576D6FD}.Release|Any CPU.ActiveCfg = Release|Any CPU
		{01CF0098-36A6-43E5-A7BB-9D61E576D6FD}.Release|Any CPU.Build.0 = Release|Any CPU
		{565D5FED-71A6-43B3-82DE-36997F3BEC2D}.Debug|Any CPU.ActiveCfg = Debug|Any CPU
		{565D5FED-71A6-43B3-82DE-36997F3BEC2D}.Debug|Any CPU.Build.0 = Debug|Any CPU
		{565D5FED-71A6-43B3-82DE-36997F3BEC2D}.Release|Any CPU.ActiveCfg = Release|Any CPU
		{565D5FED-71A6-43B3-82DE-36997F3BEC2D}.Release|Any CPU.Build.0 = Release|Any CPU
	EndGlobalSection
	GlobalSection(SolutionProperties) = preSolution
		HideSolutionNode = FALSE
	EndGlobalSection
	GlobalSection(ExtensibilityGlobals) = postSolution
		SolutionGuid = {A4F819F4-5233-4CAB-9246-60F85F8842B4}
	EndGlobalSection
EndGlobal
